
Microsoft Visual Studio Solution File, Format Version 12.00
# Visual Studio 15
VisualStudioVersion = 15.0.28307.271
MinimumVisualStudioVersion = 10.0.40219.1
Project("{FAE04EC0-301F-11D3-BF4B-00C04F79EFBC}") = "WebRegistration", "WebRegistration\WebRegistration.csproj", "{EDAB89C1-D609-410E-9D5C-749AD4F36F88}"
EndProject
Global
	GlobalSection(SolutionConfigurationPlatforms) = preSolution
		Debug|Any CPU = Debug|Any CPU
		Release|Any CPU = Release|Any CPU
	EndGlobalSection
	GlobalSection(ProjectConfigurationPlatforms) = postSolution
		{EDAB89C1-D609-410E-9D5C-749AD4F36F88}.Debug|Any CPU.ActiveCfg = Debug|Any CPU
		{EDAB89C1-D609-410E-9D5C-749AD4F36F88}.Debug|Any CPU.Build.0 = Debug|Any CPU
		{EDAB89C1-D609-410E-9D5C-749AD4F36F88}.Release|Any CPU.ActiveCfg = Release|Any CPU
		{EDAB89C1-D609-410E-9D5C-749AD4F36F88}.Release|Any CPU.Build.0 = Release|Any CPU
	EndGlobalSection
	GlobalSection(SolutionProperties) = preSolution
		HideSolutionNode = FALSE
	EndGlobalSection
	GlobalSection(ExtensibilityGlobals) = postSolution
		SolutionGuid = {28354DD5-57FE-4160-961B-B1611E350BA5}
	EndGlobalSection
EndGlobal
